// !$*UTF8*$!
{
	archiveVersion = 1;
	classes = {
	};
	objectVersion = 56;
	objects = {

/* Begin PBXBuildFile section */
		BF1668FC2AB0BB6A00EAD74A /* AlamofireDemos.docc in Sources */ = {isa = PBXBuildFile; fileRef = BF1668FB2AB0BB6A00EAD74A /* AlamofireDemos.docc */; };
		BF1669022AB0BB6A00EAD74A /* AlamofireDemos.framework in Frameworks */ = {isa = PBXBuildFile; fileRef = BF1668F72AB0BB6A00EAD74A /* AlamofireDemos.framework */; };
		BF1669072AB0BB6A00EAD74A /* AlamofireDemosTests.swift in Sources */ = {isa = PBXBuildFile; fileRef = BF1669062AB0BB6A00EAD74A /* AlamofireDemosTests.swift */; };
		BF1669082AB0BB6A00EAD74A /* AlamofireDemos.h in Headers */ = {isa = PBXBuildFile; fileRef = BF1668FA2AB0BB6A00EAD74A /* AlamofireDemos.h */; settings = {ATTRIBUTES = (Public, ); }; };
/* End PBXBuildFile section */

/* Begin PBXContainerItemProxy section */
		BF1669032AB0BB6A00EAD74A /* PBXContainerItemProxy */ = {
			isa = PBXContainerItemProxy;
			containerPortal = BF1668EE2AB0BB6A00EAD74A /* Project object */;
			proxyType = 1;
			remoteGlobalIDString = BF1668F62AB0BB6A00EAD74A;
			remoteInfo = AlamofireDemos;
		};
/* End PBXContainerItemProxy section */

/* Begin PBXFileReference section */
		BF1668F72AB0BB6A00EAD74A /* AlamofireDemos.framework */ = {isa = PBXFileReference; explicitFileType = wrapper.framework; includeInIndex = 0; path = AlamofireDemos.framework; sourceTree = BUILT_PRODUCTS_DIR; };
		BF1668FA2AB0BB6A00EAD74A /* AlamofireDemos.h */ = {isa = PBXFileReference; lastKnownFileType = sourcecode.c.h; path = AlamofireDemos.h; sourceTree = "<group>"; };
		BF1668FB2AB0BB6A00EAD74A /* AlamofireDemos.docc */ = {isa = PBXFileReference; lastKnownFileType = folder.documentationcatalog; path = AlamofireDemos.docc; sourceTree = "<group>"; };
		BF1669012AB0BB6A00EAD74A /* AlamofireDemosTests.xctest */ = {isa = PBXFileReference; explicitFileType = wrapper.cfbundle; includeInIndex = 0; path = AlamofireDemosTests.xctest; sourceTree = BUILT_PRODUCTS_DIR; };
		BF1669062AB0BB6A00EAD74A /* AlamofireDemosTests.swift */ = {isa = PBXFileReference; lastKnownFileType = sourcecode.swift; path = AlamofireDemosTests.swift; sourceTree = "<group>"; };
/* End PBXFileReference section */

/* Begin PBXFrameworksBuildPhase section */
		BF1668F42AB0BB6A00EAD74A /* Frameworks */ = {
			isa = PBXFrameworksBuildPhase;
			buildActionMask = 2147483647;
			files = (
			);
			runOnlyForDeploymentPostprocessing = 0;
		};
		BF1668FE2AB0BB6A00EAD74A /* Frameworks */ = {
			isa = PBXFrameworksBuildPhase;
			buildActionMask = 2147483647;
			files = (
				BF1669022AB0BB6A00EAD74A /* AlamofireDemos.framework in Frameworks */,
			);
			runOnlyForDeploymentPostprocessing = 0;
		};
/* End PBXFrameworksBuildPhase section */

/* Begin PBXGroup section */
		BF1668ED2AB0BB6A00EAD74A = {
			isa = PBXGroup;
			children = (
				BF1668F92AB0BB6A00EAD74A /* AlamofireDemos */,
				BF1669052AB0BB6A00EAD74A /* AlamofireDemosTests */,
				BF1668F82AB0BB6A00EAD74A /* Products */,
			);
			sourceTree = "<group>";
		};
		BF1668F82AB0BB6A00EAD74A /* Products */ = {
			isa = PBXGroup;
			children = (
				BF1668F72AB0BB6A00EAD74A /* AlamofireDemos.framework */,
				BF1669012AB0BB6A00EAD74A /* AlamofireDemosTests.xctest */,
			);
			name = Products;
			sourceTree = "<group>";
		};
		BF1668F92AB0BB6A00EAD74A /* AlamofireDemos */ = {
			isa = PBXGroup;
			children = (
				BF1668FA2AB0BB6A00EAD74A /* AlamofireDemos.h */,
				BF1668FB2AB0BB6A00EAD74A /* AlamofireDemos.docc */,
			);
			path = AlamofireDemos;
			sourceTree = "<group>";
		};
		BF1669052AB0BB6A00EAD74A /* AlamofireDemosTests */ = {
			isa = PBXGroup;
			children = (
				BF1669062AB0BB6A00EAD74A /* AlamofireDemosTests.swift */,
			);
			path = AlamofireDemosTests;
			sourceTree = "<group>";
		};
/* End PBXGroup section */

/* Begin PBXHeadersBuildPhase section */
		BF1668F22AB0BB6A00EAD74A /* Headers */ = {
			isa = PBXHeadersBuildPhase;
			buildActionMask = 2147483647;
			files = (
				BF1669082AB0BB6A00EAD74A /* AlamofireDemos.h in Headers */,
			);
			runOnlyForDeploymentPostprocessing = 0;
		};
/* End PBXHeadersBuildPhase section */

/* Begin PBXNativeTarget section */
		BF1668F62AB0BB6A00EAD74A /* AlamofireDemos */ = {
			isa = PBXNativeTarget;
			buildConfigurationList = BF16690B2AB0BB6A00EAD74A /* Build configuration list for PBXNativeTarget "AlamofireDemos" */;
			buildPhases = (
				BF1668F22AB0BB6A00EAD74A /* Headers */,
				BF1668F32AB0BB6A00EAD74A /* Sources */,
				BF1668F42AB0BB6A00EAD74A /* Frameworks */,
				BF1668F52AB0BB6A00EAD74A /* Resources */,
			);
			buildRules = (
			);
			dependencies = (
			);
			name = AlamofireDemos;
			productName = AlamofireDemos;
			productReference = BF1668F72AB0BB6A00EAD74A /* AlamofireDemos.framework */;
			productType = "com.apple.product-type.framework";
		};
		BF1669002AB0BB6A00EAD74A /* AlamofireDemosTests */ = {
			isa = PBXNativeTarget;
			buildConfigurationList = BF16690E2AB0BB6A00EAD74A /* Build configuration list for PBXNativeTarget "AlamofireDemosTests" */;
			buildPhases = (
				BF1668FD2AB0BB6A00EAD74A /* Sources */,
				BF1668FE2AB0BB6A00EAD74A /* Frameworks */,
				BF1668FF2AB0BB6A00EAD74A /* Resources */,
			);
			buildRules = (
			);
			dependencies = (
				BF1669042AB0BB6A00EAD74A /* PBXTargetDependency */,
			);
			name = AlamofireDemosTests;
			productName = AlamofireDemosTests;
			productReference = BF1669012AB0BB6A00EAD74A /* AlamofireDemosTests.xctest */;
			productType = "com.apple.product-type.bundle.unit-test";
		};
/* End PBXNativeTarget section */

/* Begin PBXProject section */
		BF1668EE2AB0BB6A00EAD74A /* Project object */ = {
			isa = PBXProject;
			attributes = {
				BuildIndependentTargetsInParallel = 1;
				LastSwiftUpdateCheck = 1430;
				LastUpgradeCheck = 1430;
				TargetAttributes = {
					BF1668F62AB0BB6A00EAD74A = {
						CreatedOnToolsVersion = 14.3.1;
					};
					BF1669002AB0BB6A00EAD74A = {
						CreatedOnToolsVersion = 14.3.1;
					};
				};
			};
			buildConfigurationList = BF1668F12AB0BB6A00EAD74A /* Build configuration list for PBXProject "AlamofireDemos" */;
			compatibilityVersion = "Xcode 14.0";
			developmentRegion = en;
			hasScannedForEncodings = 0;
			knownRegions = (
				en,
				Base,
			);
			mainGroup = BF1668ED2AB0BB6A00EAD74A;
			productRefGroup = BF1668F82AB0BB6A00EAD74A /* Products */;
			projectDirPath = "";
			projectRoot = "";
			targets = (
				BF1668F62AB0BB6A00EAD74A /* AlamofireDemos */,
				BF1669002AB0BB6A00EAD74A /* AlamofireDemosTests */,
			);
		};
/* End PBXProject section */

/* Begin PBXResourcesBuildPhase section */
		BF1668F52AB0BB6A00EAD74A /* Resources */ = {
			isa = PBXResourcesBuildPhase;
			buildActionMask = 2147483647;
			files = (
			);
			runOnlyForDeploymentPostprocessing = 0;
		};
		BF1668FF2AB0BB6A00EAD74A /* Resources */ = {
			isa = PBXResourcesBuildPhase;
			buildActionMask = 2147483647;
			files = (
			);
			runOnlyForDeploymentPostprocessing = 0;
		};
/* End PBXResourcesBuildPhase section */

/* Begin PBXSourcesBuildPhase section */
		BF1668F32AB0BB6A00EAD74A /* Sources */ = {
			isa = PBXSourcesBuildPhase;
			buildActionMask = 2147483647;
			files = (
				BF1668FC2AB0BB6A00EAD74A /* AlamofireDemos.docc in Sources */,
			);
			runOnlyForDeploymentPostprocessing = 0;
		};
		BF1668FD2AB0BB6A00EAD74A /* Sources */ = {
			isa = PBXSourcesBuildPhase;
			buildActionMask = 2147483647;
			files = (
				BF1669072AB0BB6A00EAD74A /* AlamofireDemosTests.swift in Sources */,
			);
			runOnlyForDeploymentPostprocessing = 0;
		};
/* End PBXSourcesBuildPhase section */

/* Begin PBXTargetDependency section */
		BF1669042AB0BB6A00EAD74A /* PBXTargetDependency */ = {
			isa = PBXTargetDependency;
			target = BF1668F62AB0BB6A00EAD74A /* AlamofireDemos */;
			targetProxy = BF1669032AB0BB6A00EAD74A /* PBXContainerItemProxy */;
		};
/* End PBXTargetDependency section */

/* Begin XCBuildConfiguration section */
		BF1669092AB0BB6A00EAD74A /* Debug */ = {
			isa = XCBuildConfiguration;
			buildSettings = {
				ALWAYS_SEARCH_USER_PATHS = NO;
				CLANG_ANALYZER_NONNULL = YES;
				CLANG_ANALYZER_NUMBER_OBJECT_CONVERSION = YES_AGGRESSIVE;
				CLANG_CXX_LANGUAGE_STANDARD = "gnu++20";
				CLANG_ENABLE_MODULES = YES;
				CLANG_ENABLE_OBJC_ARC = YES;
				CLANG_ENABLE_OBJC_WEAK = YES;
				CLANG_WARN_BLOCK_CAPTURE_AUTORELEASING = YES;
				CLANG_WARN_BOOL_CONVERSION = YES;
				CLANG_WARN_COMMA = YES;
				CLANG_WARN_CONSTANT_CONVERSION = YES;
				CLANG_WARN_DEPRECATED_OBJC_IMPLEMENTATIONS = YES;
				CLANG_WARN_DIRECT_OBJC_ISA_USAGE = YES_ERROR;
				CLANG_WARN_DOCUMENTATION_COMMENTS = YES;
				CLANG_WARN_EMPTY_BODY = YES;
				CLANG_WARN_ENUM_CONVERSION = YES;
				CLANG_WARN_INFINITE_RECURSION = YES;
				CLANG_WARN_INT_CONVERSION = YES;
				CLANG_WARN_NON_LITERAL_NULL_CONVERSION = YES;
				CLANG_WARN_OBJC_IMPLICIT_RETAIN_SELF = YES;
				CLANG_WARN_OBJC_LITERAL_CONVERSION = YES;
				CLANG_WARN_OBJC_ROOT_CLASS = YES_ERROR;
				CLANG_WARN_QUOTED_INCLUDE_IN_FRAMEWORK_HEADER = YES;
				CLANG_WARN_RANGE_LOOP_ANALYSIS = YES;
				CLANG_WARN_STRICT_PROTOTYPES = YES;
				CLANG_WARN_SUSPICIOUS_MOVE = YES;
				CLANG_WARN_UNGUARDED_AVAILABILITY = YES_AGGRESSIVE;
				CLANG_WARN_UNREACHABLE_CODE = YES;
				CLANG_WARN__DUPLICATE_METHOD_MATCH = YES;
				COPY_PHASE_STRIP = NO;
				CURRENT_PROJECT_VERSION = 1;
				DEBUG_INFORMATION_FORMAT = dwarf;
				ENABLE_STRICT_OBJC_MSGSEND = YES;
				ENABLE_TESTABILITY = YES;
				GCC_C_LANGUAGE_STANDARD = gnu11;
				GCC_DYNAMIC_NO_PIC = NO;
				GCC_NO_COMMON_BLOCKS = YES;
				GCC_OPTIMIZATION_LEVEL = 0;
				GCC_PREPROCESSOR_DEFINITIONS = (
					"DEBUG=1",
					"$(inherited)",
				);
				GCC_WARN_64_TO_32_BIT_CONVERSION = YES;
				GCC_WARN_ABOUT_RETURN_TYPE = YES_ERROR;
				GCC_WARN_UNDECLARED_SELECTOR = YES;
				GCC_WARN_UNINITIALIZED_AUTOS = YES_AGGRESSIVE;
				GCC_WARN_UNUSED_FUNCTION = YES;
				GCC_WARN_UNUSED_VARIABLE = YES;
				IPHONEOS_DEPLOYMENT_TARGET = 16.4;
				MTL_ENABLE_DEBUG_INFO = INCLUDE_SOURCE;
				MTL_FAST_MATH = YES;
				ONLY_ACTIVE_ARCH = YES;
				SDKROOT = iphoneos;
				SWIFT_ACTIVE_COMPILATION_CONDITIONS = DEBUG;
				SWIFT_OPTIMIZATION_LEVEL = "-Onone";
				VERSIONING_SYSTEM = "apple-generic";
				VERSION_INFO_PREFIX = "";
			};
			name = Debug;
		};
		BF16690A2AB0BB6A00EAD74A /* Release */ = {
			isa = XCBuildConfiguration;
			buildSettings = {
				ALWAYS_SEARCH_USER_PATHS = NO;
				CLANG_ANALYZER_NONNULL = YES;
				CLANG_ANALYZER_NUMBER_OBJECT_CONVERSION = YES_AGGRESSIVE;
				CLANG_CXX_LANGUAGE_STANDARD = "gnu++20";
				CLANG_ENABLE_MODULES = YES;
				CLANG_ENABLE_OBJC_ARC = YES;
				CLANG_ENABLE_OBJC_WEAK = YES;
				CLANG_WARN_BLOCK_CAPTURE_AUTORELEASING = YES;
				CLANG_WARN_BOOL_CONVERSION = YES;
				CLANG_WARN_COMMA = YES;
				CLANG_WARN_CONSTANT_CONVERSION = YES;
				CLANG_WARN_DEPRECATED_OBJC_IMPLEMENTATIONS = YES;
				CLANG_WARN_DIRECT_OBJC_ISA_USAGE = YES_ERROR;
				CLANG_WARN_DOCUMENTATION_COMMENTS = YES;
				CLANG_WARN_EMPTY_BODY = YES;
				CLANG_WARN_ENUM_CONVERSION = YES;
				CLANG_WARN_INFINITE_RECURSION = YES;
				CLANG_WARN_INT_CONVERSION = YES;
				CLANG_WARN_NON_LITERAL_NULL_CONVERSION = YES;
				CLANG_WARN_OBJC_IMPLICIT_RETAIN_SELF = YES;
				CLANG_WARN_OBJC_LITERAL_CONVERSION = YES;
				CLANG_WARN_OBJC_ROOT_CLASS = YES_ERROR;
				CLANG_WARN_QUOTED_INCLUDE_IN_FRAMEWORK_HEADER = YES;
				CLANG_WARN_RANGE_LOOP_ANALYSIS = YES;
				CLANG_WARN_STRICT_PROTOTYPES = YES;
				CLANG_WARN_SUSPICIOUS_MOVE = YES;
				CLANG_WARN_UNGUARDED_AVAILABILITY = YES_AGGRESSIVE;
				CLANG_WARN_UNREACHABLE_CODE = YES;
				CLANG_WARN__DUPLICATE_METHOD_MATCH = YES;
				COPY_PHASE_STRIP = NO;
				CURRENT_PROJECT_VERSION = 1;
				DEBUG_INFORMATION_FORMAT = "dwarf-with-dsym";
				ENABLE_NS_ASSERTIONS = NO;
				ENABLE_STRICT_OBJC_MSGSEND = YES;
				GCC_C_LANGUAGE_STANDARD = gnu11;
				GCC_NO_COMMON_BLOCKS = YES;
				GCC_WARN_64_TO_32_BIT_CONVERSION = YES;
				GCC_WARN_ABOUT_RETURN_TYPE = YES_ERROR;
				GCC_WARN_UNDECLARED_SELECTOR = YES;
				GCC_WARN_UNINITIALIZED_AUTOS = YES_AGGRESSIVE;
				GCC_WARN_UNUSED_FUNCTION = YES;
				GCC_WARN_UNUSED_VARIABLE = YES;
				IPHONEOS_DEPLOYMENT_TARGET = 16.4;
				MTL_ENABLE_DEBUG_INFO = NO;
				MTL_FAST_MATH = YES;
				SDKROOT = iphoneos;
				SWIFT_COMPILATION_MODE = wholemodule;
				SWIFT_OPTIMIZATION_LEVEL = "-O";
				VALIDATE_PRODUCT = YES;
				VERSIONING_SYSTEM = "apple-generic";
				VERSION_INFO_PREFIX = "";
			};
			name = Release;
		};
		BF16690C2AB0BB6A00EAD74A /* Debug */ = {
			isa = XCBuildConfiguration;
			buildSettings = {
				CODE_SIGN_STYLE = Automatic;
				CURRENT_PROJECT_VERSION = 1;
				DEFINES_MODULE = YES;
				DEVELOPMENT_TEAM = Z2N3855UAT;
				DYLIB_COMPATIBILITY_VERSION = 1;
				DYLIB_CURRENT_VERSION = 1;
				DYLIB_INSTALL_NAME_BASE = "@rpath";
				ENABLE_MODULE_VERIFIER = YES;
				GENERATE_INFOPLIST_FILE = YES;
				INFOPLIST_KEY_NSHumanReadableCopyright = "";
				INSTALL_PATH = "$(LOCAL_LIBRARY_DIR)/Frameworks";
				LD_RUNPATH_SEARCH_PATHS = (
					"$(inherited)",
					"@executable_path/Frameworks",
					"@loader_path/Frameworks",
				);
				MARKETING_VERSION = 1.0;
				MODULE_VERIFIER_SUPPORTED_LANGUAGES = "objective-c objective-c++";
				MODULE_VERIFIER_SUPPORTED_LANGUAGE_STANDARDS = "gnu11 gnu++20";
				PRODUCT_BUNDLE_IDENTIFIER = com.wallet.user.mmsdk.AlamofireDemos;
				PRODUCT_NAME = "$(TARGET_NAME:c99extidentifier)";
				SKIP_INSTALL = YES;
				SWIFT_EMIT_LOC_STRINGS = YES;
				SWIFT_VERSION = 5.0;
				TARGETED_DEVICE_FAMILY = "1,2";
			};
			name = Debug;
		};
		BF16690D2AB0BB6A00EAD74A /* Release */ = {
			isa = XCBuildConfiguration;
			buildSettings = {
				CODE_SIGN_STYLE = Automatic;
				CURRENT_PROJECT_VERSION = 1;
				DEFINES_MODULE = YES;
				DEVELOPMENT_TEAM = Z2N3855UAT;
				DYLIB_COMPATIBILITY_VERSION = 1;
				DYLIB_CURRENT_VERSION = 1;
				DYLIB_INSTALL_NAME_BASE = "@rpath";
				ENABLE_MODULE_VERIFIER = YES;
				GENERATE_INFOPLIST_FILE = YES;
				INFOPLIST_KEY_NSHumanReadableCopyright = "";
				INSTALL_PATH = "$(LOCAL_LIBRARY_DIR)/Frameworks";
				LD_RUNPATH_SEARCH_PATHS = (
					"$(inherited)",
					"@executable_path/Frameworks",
					"@loader_path/Frameworks",
				);
				MARKETING_VERSION = 1.0;
				MODULE_VERIFIER_SUPPORTED_LANGUAGES = "objective-c objective-c++";
				MODULE_VERIFIER_SUPPORTED_LANGUAGE_STANDARDS = "gnu11 gnu++20";
				PRODUCT_BUNDLE_IDENTIFIER = com.wallet.user.mmsdk.AlamofireDemos;
				PRODUCT_NAME = "$(TARGET_NAME:c99extidentifier)";
				SKIP_INSTALL = YES;
				SWIFT_EMIT_LOC_STRINGS = YES;
				SWIFT_VERSION = 5.0;
				TARGETED_DEVICE_FAMILY = "1,2";
			};
			name = Release;
		};
		BF16690F2AB0BB6A00EAD74A /* Debug */ = {
			isa = XCBuildConfiguration;
			buildSettings = {
				CODE_SIGN_STYLE = Automatic;
				CURRENT_PROJECT_VERSION = 1;
				DEVELOPMENT_TEAM = Z2N3855UAT;
				GENERATE_INFOPLIST_FILE = YES;
				MARKETING_VERSION = 1.0;
				PRODUCT_BUNDLE_IDENTIFIER = com.wallet.user.mmsdk.AlamofireDemosTests;
				PRODUCT_NAME = "$(TARGET_NAME)";
				SWIFT_EMIT_LOC_STRINGS = NO;
				SWIFT_VERSION = 5.0;
				TARGETED_DEVICE_FAMILY = "1,2";
			};
			name = Debug;
		};
		BF1669102AB0BB6A00EAD74A /* Release */ = {
			isa = XCBuildConfiguration;
			buildSettings = {
				CODE_SIGN_STYLE = Automatic;
				CURRENT_PROJECT_VERSION = 1;
				DEVELOPMENT_TEAM = Z2N3855UAT;
				GENERATE_INFOPLIST_FILE = YES;
				MARKETING_VERSION = 1.0;
				PRODUCT_BUNDLE_IDENTIFIER = com.wallet.user.mmsdk.AlamofireDemosTests;
				PRODUCT_NAME = "$(TARGET_NAME)";
				SWIFT_EMIT_LOC_STRINGS = NO;
				SWIFT_VERSION = 5.0;
				TARGETED_DEVICE_FAMILY = "1,2";
			};
			name = Release;
		};
/* End XCBuildConfiguration section */

/* Begin XCConfigurationList section */
		BF1668F12AB0BB6A00EAD74A /* Build configuration list for PBXProject "AlamofireDemos" */ = {
			isa = XCConfigurationList;
			buildConfigurations = (
				BF1669092AB0BB6A00EAD74A /* Debug */,
				BF16690A2AB0BB6A00EAD74A /* Release */,
			);
			defaultConfigurationIsVisible = 0;
			defaultConfigurationName = Release;
		};
		BF16690B2AB0BB6A00EAD74A /* Build configuration list for PBXNativeTarget "AlamofireDemos" */ = {
			isa = XCConfigurationList;
			buildConfigurations = (
				BF16690C2AB0BB6A00EAD74A /* Debug */,
				BF16690D2AB0BB6A00EAD74A /* Release */,
			);
			defaultConfigurationIsVisible = 0;
			defaultConfigurationName = Release;
		};
		BF16690E2AB0BB6A00EAD74A /* Build configuration list for PBXNativeTarget "AlamofireDemosTests" */ = {
			isa = XCConfigurationList;
			buildConfigurations = (
				BF16690F2AB0BB6A00EAD74A /* Debug */,
				BF1669102AB0BB6A00EAD74A /* Release */,
			);
			defaultConfigurationIsVisible = 0;
			defaultConfigurationName = Release;
		};
/* End XCConfigurationList section */
	};
	rootObject = BF1668EE2AB0BB6A00EAD74A /* Project object */;
}
